<?xml version="1.0" encoding="utf-8"?>
<Project ToolsVersion="4.0" xmlns="http://schemas.microsoft.com/developer/msbuild/2003">
  <ItemGroup>
    <Filter Include="源文件">
      <UniqueIdentifier>{4FC737F1-C7A5-4376-A066-2A32D752A2FF}</UniqueIdentifier>
      <Extensions>cpp;c;cc;cxx;def;odl;idl;hpj;bat;asm;asmx</Extensions>
    </Filter>
    <Filter Include="头文件">
      <UniqueIdentifier>{93995380-89BD-4b04-88EB-625FBE52EBFB}</UniqueIdentifier>
      <Extensions>h;hh;hpp;hxx;hm;inl;inc;xsd</Extensions>
    </Filter>
    <Filter Include="资源文件">
      <UniqueIdentifier>{67DA6AB6-F800-4c08-8B7A-83BB121AAD01}</UniqueIdentifier>
      <Extensions>rc;ico;cur;bmp;dlg;rc2;rct;bin;rgs;gif;jpg;jpeg;jpe;resx;tiff;tif;png;wav;mfcribbon-ms</Extensions>
    </Filter>
  </ItemGroup>
  <ItemGroup>
    <ClInclude Include="src\core\intersection.h">
      <Filter>头文件</Filter>
    </ClInclude>
    <ClInclude Include="src\core\spectrum.h">
      <Filter>头文件</Filter>
    </ClInclude>
    <ClInclude Include="src\orion.h">
      <Filter>头文件</Filter>
    </ClInclude>
    <ClInclude Include="src\core\geometry.h">
      <Filter>头文件</Filter>
    </ClInclude>
    <ClInclude Include="src\core\scene.h">
      <Filter>头文件</Filter>
    </ClInclude>
    <ClInclude Include="src\core\primitive.h">
      <Filter>头文件</Filter>
    </ClInclude>
    <ClInclude Include="src\core\triangle.h">
      <Filter>头文件</Filter>
    </ClInclude>
    <ClInclude Include="external\tiny_obj_loader.h">
      <Filter>头文件</Filter>
    </ClInclude>
    <ClInclude Include="src\core\transform.h">
      <Filter>头文件</Filter>
    </ClInclude>
    <ClInclude Include="external\embree2\rtcore.h">
      <Filter>头文件</Filter>
    </ClInclude>
    <ClInclude Include="external\embree2\rtcore_builder.h">
      <Filter>头文件</Filter>
    </ClInclude>
    <ClInclude Include="external\embree2\rtcore_geometry.h">
      <Filter>头文件</Filter>
    </ClInclude>
    <ClInclude Include="external\embree2\rtcore_geometry_user.h">
      <Filter>头文件</Filter>
    </ClInclude>
    <ClInclude Include="external\embree2\rtcore_ray.h">
      <Filter>头文件</Filter>
    </ClInclude>
    <ClInclude Include="external\embree2\rtcore_scene.h">
      <Filter>头文件</Filter>
    </ClInclude>
    <ClInclude Include="external\embree2\rtcore_version.h">
      <Filter>头文件</Filter>
    </ClInclude>
    <ClInclude Include="external\stb_image_aug.h">
      <Filter>头文件</Filter>
    </ClInclude>
    <ClInclude Include="src\core\kernel.h">
      <Filter>头文件</Filter>
    </ClInclude>
    <ClInclude Include="src\core\texture.h">
      <Filter>头文件</Filter>
    </ClInclude>
    <ClInclude Include="src\texture\constant.h">
      <Filter>头文件</Filter>
    </ClInclude>
    <ClInclude Include="src\texture\floattexture.h">
      <Filter>头文件</Filter>
    </ClInclude>
    <ClInclude Include="src\texture\imagetexture.h">
      <Filter>头文件</Filter>
    </ClInclude>
    <ClInclude Include="src\texture\rendertarget.h">
      <Filter>头文件</Filter>
    </ClInclude>
    <ClInclude Include="src\core\camera.h">
      <Filter>头文件</Filter>
    </ClInclude>
    <ClInclude Include="src\core\light.h">
      <Filter>头文件</Filter>
    </ClInclude>
    <ClInclude Include="src\core\sampler.h">
      <Filter>头文件</Filter>
    </ClInclude>
    <ClInclude Include="src\sampler\pseudo.h">
      <Filter>头文件</Filter>
    </ClInclude>
    <ClInclude Include="src\light\point.h">
      <Filter>头文件</Filter>
    </ClInclude>
    <ClInclude Include="src\sampler\sobol.h">
      <Filter>头文件</Filter>
    </ClInclude>
    <ClInclude Include="src\sampler\sampling.h">
      <Filter>头文件</Filter>
    </ClInclude>
    <ClInclude Include="src\camera\pinhole.h">
      <Filter>头文件</Filter>
    </ClInclude>
    <ClInclude Include="src\light\point.h">
      <Filter>头文件</Filter>
    </ClInclude>
    <ClInclude Include="src\light\spot.h">
      <Filter>头文件</Filter>
    </ClInclude>
    <ClInclude Include="src\light\distant.h">
      <Filter>头文件</Filter>
    </ClInclude>
  </ItemGroup>
  <ItemGroup>
    <ClCompile Include="src\core\triangle.cpp">
      <Filter>源文件</Filter>
    </ClCompile>
    <ClCompile Include="src\core\transform.cpp">
      <Filter>源文件</Filter>
    </ClCompile>
    <ClCompile Include="external\stb_image_aug.c">
      <Filter>源文件</Filter>
    </ClCompile>
    <ClCompile Include="src\core\kernel.cpp">
      <Filter>源文件</Filter>
    </ClCompile>
    <ClCompile Include="src\core\scene.cpp">
      <Filter>源文件</Filter>
    </ClCompile>
    <ClCompile Include="src\core\texture.cpp">
      <Filter>源文件</Filter>
    </ClCompile>
    <ClCompile Include="src\texture\floattexture.cpp">
      <Filter>源文件</Filter>
    </ClCompile>
    <ClCompile Include="src\texture\imagetexture.cpp">
      <Filter>源文件</Filter>
    </ClCompile>
    <ClCompile Include="src\texture\rendertarget.cpp">
      <Filter>源文件</Filter>
    </ClCompile>
    <ClCompile Include="src\light\point.cpp">
      <Filter>源文件</Filter>
    </ClCompile>
    <ClCompile Include="src\sampler\sobol.cpp">
      <Filter>源文件</Filter>
    </ClCompile>
    <ClCompile Include="src\sampler\sampling.cpp">
      <Filter>源文件</Filter>
    </ClCompile>
    <ClCompile Include="src\camera\pinhole.cpp">
      <Filter>源文件</Filter>
    </ClCompile>
    <ClCompile Include="src\light\spot.cpp">
      <Filter>源文件</Filter>
    </ClCompile>
    <ClCompile Include="src\light\distant.cpp">
      <Filter>源文件</Filter>
    </ClCompile>
  </ItemGroup>
  <ItemGroup>
    <Library Include="external\lib\embree.lib" />
  </ItemGroup>
  <ItemGroup>
    <None Include="ClassDiagram.cd" />
  </ItemGroup>
</Project>